// !$*UTF8*$!
{
	archiveVersion = 1;
	classes = {
	};
	objectVersion = 46;
	objects = {

/* Begin PBXBuildFile section */
		FEE993121AF62B730063A678 /* main.mm in Sources */ = {isa = PBXBuildFile; fileRef = FEE993111AF62B730063A678 /* main.mm */; };
		FEE9931A1AF62BDF0063A678 /* MemoryRegion.cpp in Sources */ = {isa = PBXBuildFile; fileRef = FEE993181AF62BDF0063A678 /* MemoryRegion.cpp */; };
/* End PBXBuildFile section */

/* Begin PBXCopyFilesBuildPhase section */
		FEE9930C1AF62B730063A678 /* CopyFiles */ = {
			isa = PBXCopyFilesBuildPhase;
			buildActionMask = 2147483647;
			dstPath = /usr/share/man/man1/;
			dstSubfolderSpec = 0;
			files = (
			);
			runOnlyForDeploymentPostprocessing = 1;
		};
/* End PBXCopyFilesBuildPhase section */

/* Begin PBXFileReference section */
		FEE9930E1AF62B730063A678 /* HookMeIfYouCan */ = {isa = PBXFileReference; explicitFileType = "compiled.mach-o.executable"; includeInIndex = 0; path = HookMeIfYouCan; sourceTree = BUILT_PRODUCTS_DIR; };
		FEE993111AF62B730063A678 /* main.mm */ = {isa = PBXFileReference; lastKnownFileType = sourcecode.cpp.objcpp; path = main.mm; sourceTree = "<group>"; };
		FEE993181AF62BDF0063A678 /* MemoryRegion.cpp */ = {isa = PBXFileReference; fileEncoding = 4; lastKnownFileType = sourcecode.cpp.cpp; path = MemoryRegion.cpp; sourceTree = "<group>"; };
		FEE993191AF62BDF0063A678 /* MemoryRegion.h */ = {isa = PBXFileReference; fileEncoding = 4; lastKnownFileType = sourcecode.c.h; path = MemoryRegion.h; sourceTree = "<group>"; };
/* End PBXFileReference section */

/* Begin PBXFrameworksBuildPhase section */
		FEE9930B1AF62B730063A678 /* Frameworks */ = {
			isa = PBXFrameworksBuildPhase;
			buildActionMask = 2147483647;
			files = (
			);
			runOnlyForDeploymentPostprocessing = 0;
		};
/* End PBXFrameworksBuildPhase section */

/* Begin PBXGroup section */
		FEE993051AF62B730063A678 = {
			isa = PBXGroup;
			children = (
				FEE993101AF62B730063A678 /* HookMeIfYouCan */,
				FEE9930F1AF62B730063A678 /* Products */,
			);
			sourceTree = "<group>";
		};
		FEE9930F1AF62B730063A678 /* Products */ = {
			isa = PBXGroup;
			children = (
				FEE9930E1AF62B730063A678 /* HookMeIfYouCan */,
			);
			name = Products;
			sourceTree = "<group>";
		};
		FEE993101AF62B730063A678 /* HookMeIfYouCan */ = {
			isa = PBXGroup;
			children = (
				FEE993181AF62BDF0063A678 /* MemoryRegion.cpp */,
				FEE993191AF62BDF0063A678 /* MemoryRegion.h */,
				FEE993111AF62B730063A678 /* main.mm */,
			);
			path = HookMeIfYouCan;
			sourceTree = "<group>";
		};
/* End PBXGroup section */

/* Begin PBXNativeTarget section */
		FEE9930D1AF62B730063A678 /* HookMeIfYouCan */ = {
			isa = PBXNativeTarget;
			buildConfigurationList = FEE993151AF62B730063A678 /* Build configuration list for PBXNativeTarget "HookMeIfYouCan" */;
			buildPhases = (
				FEE9930A1AF62B730063A678 /* Sources */,
				FEE9930B1AF62B730063A678 /* Frameworks */,
				FEE9930C1AF62B730063A678 /* CopyFiles */,
			);
			buildRules = (
			);
			dependencies = (
			);
			name = HookMeIfYouCan;
			productName = HookMeIfYouCan;
			productReference = FEE9930E1AF62B730063A678 /* HookMeIfYouCan */;
			productType = "com.apple.product-type.tool";
		};
/* End PBXNativeTarget section */

/* Begin PBXProject section */
		FEE993061AF62B730063A678 /* Project object */ = {
			isa = PBXProject;
			attributes = {
				LastUpgradeCheck = 0630;
				ORGANIZATIONNAME = 0xBBC;
				TargetAttributes = {
					FEE9930D1AF62B730063A678 = {
						CreatedOnToolsVersion = 6.3;
					};
				};
			};
			buildConfigurationList = FEE993091AF62B730063A678 /* Build configuration list for PBXProject "HookMeIfYouCan" */;
			compatibilityVersion = "Xcode 3.2";
			developmentRegion = English;
			hasScannedForEncodings = 0;
			knownRegions = (
				en,
			);
			mainGroup = FEE993051AF62B730063A678;
			productRefGroup = FEE9930F1AF62B730063A678 /* Products */;
			projectDirPath = "";
			projectRoot = "";
			targets = (
				FEE9930D1AF62B730063A678 /* HookMeIfYouCan */,
			);
		};
/* End PBXProject section */

/* Begin PBXSourcesBuildPhase section */
		FEE9930A1AF62B730063A678 /* Sources */ = {
			isa = PBXSourcesBuildPhase;
			buildActionMask = 2147483647;
			files = (
				FEE9931A1AF62BDF0063A678 /* MemoryRegion.cpp in Sources */,
				FEE993121AF62B730063A678 /* main.mm in Sources */,
			);
			runOnlyForDeploymentPostprocessing = 0;
		};
/* End PBXSourcesBuildPhase section */

/* Begin XCBuildConfiguration section */
		FEE993131AF62B730063A678 /* Debug */ = {
			isa = XCBuildConfiguration;
			buildSettings = {
				ALWAYS_SEARCH_USER_PATHS = NO;
				CLANG_CXX_LANGUAGE_STANDARD = "gnu++0x";
				CLANG_CXX_LIBRARY = "libc++";
				CLANG_ENABLE_MODULES = YES;
				CLANG_ENABLE_OBJC_ARC = YES;
				CLANG_WARN_BOOL_CONVERSION = YES;
				CLANG_WARN_CONSTANT_CONVERSION = YES;
				CLANG_WARN_DIRECT_OBJC_ISA_USAGE = YES_ERROR;
				CLANG_WARN_EMPTY_BODY = YES;
				CLANG_WARN_ENUM_CONVERSION = YES;
				CLANG_WARN_INT_CONVERSION = YES;
				CLANG_WARN_OBJC_ROOT_CLASS = YES_ERROR;
				CLANG_WARN_UNREACHABLE_CODE = YES;
				CLANG_WARN__DUPLICATE_METHOD_MATCH = YES;
				COPY_PHASE_STRIP = NO;
				DEBUG_INFORMATION_FORMAT = dwarf;
				ENABLE_STRICT_OBJC_MSGSEND = YES;
				GCC_C_LANGUAGE_STANDARD = gnu99;
				GCC_DYNAMIC_NO_PIC = NO;
				GCC_NO_COMMON_BLOCKS = YES;
				GCC_OPTIMIZATION_LEVEL = 0;
				GCC_PREPROCESSOR_DEFINITIONS = (
					"DEBUG=1",
					"$(inherited)",
				);
				GCC_SYMBOLS_PRIVATE_EXTERN = NO;
				GCC_WARN_64_TO_32_BIT_CONVERSION = YES;
				GCC_WARN_ABOUT_RETURN_TYPE = YES_ERROR;
				GCC_WARN_UNDECLARED_SELECTOR = YES;
				GCC_WARN_UNINITIALIZED_AUTOS = YES_AGGRESSIVE;
				GCC_WARN_UNUSED_FUNCTION = YES;
				GCC_WARN_UNUSED_VARIABLE = YES;
				MACOSX_DEPLOYMENT_TARGET = 10.10;
				MTL_ENABLE_DEBUG_INFO = YES;
				ONLY_ACTIVE_ARCH = YES;
				SDKROOT = macosx;
			};
			name = Debug;
		};
		FEE993141AF62B730063A678 /* Release */ = {
			isa = XCBuildConfiguration;
			buildSettings = {
				ALWAYS_SEARCH_USER_PATHS = NO;
				CLANG_CXX_LANGUAGE_STANDARD = "gnu++0x";
				CLANG_CXX_LIBRARY = "libc++";
				CLANG_ENABLE_MODULES = YES;
				CLANG_ENABLE_OBJC_ARC = YES;
				CLANG_WARN_BOOL_CONVERSION = YES;
				CLANG_WARN_CONSTANT_CONVERSION = YES;
				CLANG_WARN_DIRECT_OBJC_ISA_USAGE = YES_ERROR;
				CLANG_WARN_EMPTY_BODY = YES;
				CLANG_WARN_ENUM_CONVERSION = YES;
				CLANG_WARN_INT_CONVERSION = YES;
				CLANG_WARN_OBJC_ROOT_CLASS = YES_ERROR;
				CLANG_WARN_UNREACHABLE_CODE = YES;
				CLANG_WARN__DUPLICATE_METHOD_MATCH = YES;
				COPY_PHASE_STRIP = NO;
				DEBUG_INFORMATION_FORMAT = "dwarf-with-dsym";
				ENABLE_NS_ASSERTIONS = NO;
				ENABLE_STRICT_OBJC_MSGSEND = YES;
				GCC_C_LANGUAGE_STANDARD = gnu99;
				GCC_NO_COMMON_BLOCKS = YES;
				GCC_WARN_64_TO_32_BIT_CONVERSION = YES;
				GCC_WARN_ABOUT_RETURN_TYPE = YES_ERROR;
				GCC_WARN_UNDECLARED_SELECTOR = YES;
				GCC_WARN_UNINITIALIZED_AUTOS = YES_AGGRESSIVE;
				GCC_WARN_UNUSED_FUNCTION = YES;
				GCC_WARN_UNUSED_VARIABLE = YES;
				MACOSX_DEPLOYMENT_TARGET = 10.10;
				MTL_ENABLE_DEBUG_INFO = NO;
				SDKROOT = macosx;
			};
			name = Release;
		};
		FEE993161AF62B730063A678 /* Debug */ = {
			isa = XCBuildConfiguration;
			buildSettings = {
				GCC_OPTIMIZATION_LEVEL = 3;
				PRODUCT_NAME = "$(TARGET_NAME)";
			};
			name = Debug;
		};
		FEE993171AF62B730063A678 /* Release */ = {
			isa = XCBuildConfiguration;
			buildSettings = {
				GCC_OPTIMIZATION_LEVEL = 3;
				PRODUCT_NAME = "$(TARGET_NAME)";
			};
			name = Release;
		};
/* End XCBuildConfiguration section */

/* Begin XCConfigurationList section */
		FEE993091AF62B730063A678 /* Build configuration list for PBXProject "HookMeIfYouCan" */ = {
			isa = XCConfigurationList;
			buildConfigurations = (
				FEE993131AF62B730063A678 /* Debug */,
				FEE993141AF62B730063A678 /* Release */,
			);
			defaultConfigurationIsVisible = 0;
			defaultConfigurationName = Release;
		};
		FEE993151AF62B730063A678 /* Build configuration list for PBXNativeTarget "HookMeIfYouCan" */ = {
			isa = XCConfigurationList;
			buildConfigurations = (
				FEE993161AF62B730063A678 /* Debug */,
				FEE993171AF62B730063A678 /* Release */,
			);
			defaultConfigurationIsVisible = 0;
			defaultConfigurationName = Release;
		};
/* End XCConfigurationList section */
	};
	rootObject = FEE993061AF62B730063A678 /* Project object */;
}
